
Microsoft Visual Studio Solution File, Format Version 12.00
# Visual Studio Version 17
VisualStudioVersion = 17.3.32901.215
MinimumVisualStudioVersion = 10.0.40219.1
Project("{FAE04EC0-301F-11D3-BF4B-00C04F79EFBC}") = "Stretto", "Stretto\Stretto.csproj", "{C16664BB-DED0-4F69-9AE7-3D05C5C3D013}"
EndProject
Global
	GlobalSection(SolutionConfigurationPlatforms) = preSolution
		Debug|Any CPU = Debug|Any CPU
		Release|Any CPU = Release|Any CPU
	EndGlobalSection
	GlobalSection(ProjectConfigurationPlatforms) = postSolution
		{C16664BB-DED0-4F69-9AE7-3D05C5C3D013}.Debug|Any CPU.ActiveCfg = Debug|Any CPU
		{C16664BB-DED0-4F69-9AE7-3D05C5C3D013}.Debug|Any CPU.Build.0 = Debug|Any CPU
		{C16664BB-DED0-4F69-9AE7-3D05C5C3D013}.Release|Any CPU.ActiveCfg = Release|Any CPU
		{C16664BB-DED0-4F69-9AE7-3D05C5C3D013}.Release|Any CPU.Build.0 = Release|Any CPU
	EndGlobalSection
	GlobalSection(SolutionProperties) = preSolution
		HideSolutionNode = FALSE
	EndGlobalSection
	GlobalSection(ExtensibilityGlobals) = postSolution
		SolutionGuid = {D0A47F79-A68C-46AC-96A3-BD724F670019}
	EndGlobalSection
EndGlobal
